
Microsoft Visual Studio Solution File, Format Version 12.00
# Visual Studio Version 17
VisualStudioVersion = 17.12.35527.113 d17.12
MinimumVisualStudioVersion = 10.0.40219.1
Project("{FAE04EC0-301F-11D3-BF4B-00C04F79EFBC}") = "ExtensionMethod", "ExtensionMethod\ExtensionMethod.csproj", "{28473974-ADE5-4AB9-85C9-E3D9784690C8}"
EndProject
Project("{FAE04EC0-301F-11D3-BF4B-00C04F79EFBC}") = "TestProject1", "TestProject1\TestProject1.csproj", "{EE9820D3-D750-40E3-AEEB-E54F090A2FCC}"
EndProject
Global
	GlobalSection(SolutionConfigurationPlatforms) = preSolution
		Debug|Any CPU = Debug|Any CPU
		Release|Any CPU = Release|Any CPU
	EndGlobalSection
	GlobalSection(ProjectConfigurationPlatforms) = postSolution
		{28473974-ADE5-4AB9-85C9-E3D9784690C8}.Debug|Any CPU.ActiveCfg = Debug|Any CPU
		{28473974-ADE5-4AB9-85C9-E3D9784690C8}.Debug|Any CPU.Build.0 = Debug|Any CPU
		{28473974-ADE5-4AB9-85C9-E3D9784690C8}.Release|Any CPU.ActiveCfg = Release|Any CPU
		{28473974-ADE5-4AB9-85C9-E3D9784690C8}.Release|Any CPU.Build.0 = Release|Any CPU
		{EE9820D3-D750-40E3-AEEB-E54F090A2FCC}.Debug|Any CPU.ActiveCfg = Debug|Any CPU
		{EE9820D3-D750-40E3-AEEB-E54F090A2FCC}.Debug|Any CPU.Build.0 = Debug|Any CPU
		{EE9820D3-D750-40E3-AEEB-E54F090A2FCC}.Release|Any CPU.ActiveCfg = Release|Any CPU
		{EE9820D3-D750-40E3-AEEB-E54F090A2FCC}.Release|Any CPU.Build.0 = Release|Any CPU
	EndGlobalSection
	GlobalSection(SolutionProperties) = preSolution
		HideSolutionNode = FALSE
	EndGlobalSection
EndGlobal
